PODS:
  - Alamofire (4.0.1)
  - Crashlytics (3.8.2):
    - Fabric (~> 1.6.3)
  - DateTools (1.7.0)
  - Fabric (1.6.9)
  - RxCocoa (3.0.0-beta.1):
    - RxSwift (~> 3.0.0-beta.1)
  - RxDataSources (1.0.0-beta.2):
    - RxCocoa (~> 3.0.0-beta.1)
    - RxSwift (~> 3.0.0-beta.1)
  - RxSwift (3.0.0-beta.1)
  - SDWebImage (3.8.2):
    - SDWebImage/Core (= 3.8.2)
  - SDWebImage/Core (3.8.2)
  - SwiftyJSON (2.3.2)

DEPENDENCIES:
  - Alamofire
  - Crashlytics
  - DateTools
  - Fabric
  - RxCocoa (~> 3.0.0.alpha.1)
  - RxDataSources (~> 1.0.0-beta.2)
  - RxSwift (~> 3.0.0.alpha.1)
  - SDWebImage
  - SwiftyJSON (from `https://github.com/BaiduHiDeviOS/SwiftyJSON.git`, branch `swift3`)

EXTERNAL SOURCES:
  SwiftyJSON:
    :branch: swift3
    :git: https://github.com/BaiduHiDeviOS/SwiftyJSON.git

CHECKOUT OPTIONS:
  SwiftyJSON:
    :commit: de5dc3b1b421805769590d331178551bbb0e5733
    :git: https://github.com/BaiduHiDeviOS/SwiftyJSON.git

SPEC CHECKSUMS:
  Alamofire: 7682d43245de14874acd142ec137b144aa1dd335
  Crashlytics: 27acca95a01b042a8294291dd6dff27f8f6af6d7
  DateTools: 53288ee8b905fdc75897a1e6b5cc0144b14cba60
  Fabric: bc5bec42cef4bcf1ee3ce0e218fc518e4b44dfbb
  RxCocoa: 8cecf331302b8ae5381bbab1bccba4ede2eae6a8
  RxDataSources: 1cd87dc97fd46be002942eb1dcb1b432535141dd
  RxSwift: 0823e8d7969c23bfa9ddfb2afa4881e424a1a710
  SDWebImage: 098e97e6176540799c27e804c96653ee0833d13c
  SwiftyJSON: 6118fb49d7519c4d31a0c1f3d5af936e9047b556

PODFILE CHECKSUM: 54115c052001477d983fba009990919397456ea4

COCOAPODS: 1.0.0
