// !$*UTF8*$!
{
	archiveVersion = 1;
	classes = {
	};
	objectVersion = 46;
	objects = {

/* Begin PBXBuildFile section */
		BE9FDABBA3FFE520B199735D /* Pods_WhatFilm.framework in Frameworks */ = {isa = PBXBuildFile; fileRef = 804EDF323D502AD110111843 /* Pods_WhatFilm.framework */; };
		F91AC78F1D884B1000E99849 /* Result.swift in Sources */ = {isa = PBXBuildFile; fileRef = F91AC78E1D884B1000E99849 /* Result.swift */; };
		F91AC7911D88506E00E99849 /* DateManager.swift in Sources */ = {isa = PBXBuildFile; fileRef = F91AC7901D88506E00E99849 /* DateManager.swift */; };
		F91AC7931D88585100E99849 /* HomeViewController.swift in Sources */ = {isa = PBXBuildFile; fileRef = F91AC7921D88585100E99849 /* HomeViewController.swift */; };
		F91AC79A1D88643800E99849 /* APIConfiguration.swift in Sources */ = {isa = PBXBuildFile; fileRef = F91AC7991D88643800E99849 /* APIConfiguration.swift */; };
		F91AC79C1D8864FC00E99849 /* ImageManager.swift in Sources */ = {isa = PBXBuildFile; fileRef = F91AC79B1D8864FC00E99849 /* ImageManager.swift */; };
		F943188E1D84463D006B2D23 /* Router.swift in Sources */ = {isa = PBXBuildFile; fileRef = F943188D1D84463D006B2D23 /* Router.swift */; };
		F94318901D85D6A4006B2D23 /* Tools.swift in Sources */ = {isa = PBXBuildFile; fileRef = F943188F1D85D6A4006B2D23 /* Tools.swift */; };
		F944190D1D8C0C2200804E7D /* KeyboardObserver.swift in Sources */ = {isa = PBXBuildFile; fileRef = F944190C1D8C0C2200804E7D /* KeyboardObserver.swift */; };
		F944190F1D8C1F5700804E7D /* PaginatedList.swift in Sources */ = {isa = PBXBuildFile; fileRef = F944190E1D8C1F5700804E7D /* PaginatedList.swift */; };
		F94E649C1D86F5FD000FF48E /* Film.swift in Sources */ = {isa = PBXBuildFile; fileRef = F94E649B1D86F5FD000FF48E /* Film.swift */; };
		F992B45B1D89F2570032C264 /* FilmTableViewCell.swift in Sources */ = {isa = PBXBuildFile; fileRef = F992B4591D89F2570032C264 /* FilmTableViewCell.swift */; };
		F992B45C1D89F2570032C264 /* FilmTableViewCell.xib in Resources */ = {isa = PBXBuildFile; fileRef = F992B45A1D89F2570032C264 /* FilmTableViewCell.xib */; };
		F99D46CF1D888F550014A7AF /* HomeViewModel.swift in Sources */ = {isa = PBXBuildFile; fileRef = F99D46CE1D888F550014A7AF /* HomeViewModel.swift */; };
		F99DD6AA1D80BD4F00179C5A /* AppDelegate.swift in Sources */ = {isa = PBXBuildFile; fileRef = F99DD6A91D80BD4F00179C5A /* AppDelegate.swift */; };
		F99DD6AF1D80BD4F00179C5A /* Main.storyboard in Resources */ = {isa = PBXBuildFile; fileRef = F99DD6AD1D80BD4F00179C5A /* Main.storyboard */; };
		F99DD6B21D80BD4F00179C5A /* WhatFilm.xcdatamodeld in Sources */ = {isa = PBXBuildFile; fileRef = F99DD6B01D80BD4F00179C5A /* WhatFilm.xcdatamodeld */; };
		F99DD6B41D80BD4F00179C5A /* Assets.xcassets in Resources */ = {isa = PBXBuildFile; fileRef = F99DD6B31D80BD4F00179C5A /* Assets.xcassets */; };
		F99DD6B71D80BD4F00179C5A /* LaunchScreen.storyboard in Resources */ = {isa = PBXBuildFile; fileRef = F99DD6B51D80BD4F00179C5A /* LaunchScreen.storyboard */; };
		F9D6EBC51D92F367002970E3 /* FilmCollectionViewCell.swift in Sources */ = {isa = PBXBuildFile; fileRef = F9D6EBC31D92F367002970E3 /* FilmCollectionViewCell.swift */; };
		F9D6EBC61D92F367002970E3 /* FilmCollectionViewCell.xib in Resources */ = {isa = PBXBuildFile; fileRef = F9D6EBC41D92F367002970E3 /* FilmCollectionViewCell.xib */; };
		F9F0547D1D8AF2B10000E6AC /* TMDbAPI.swift in Sources */ = {isa = PBXBuildFile; fileRef = F9F0547C1D8AF2B10000E6AC /* TMDbAPI.swift */; };
/* End PBXBuildFile section */

/* Begin PBXFileReference section */
		4CDE941203556B9E1E9F6231 /* Pods-WhatFilm.release.xcconfig */ = {isa = PBXFileReference; includeInIndex = 1; lastKnownFileType = text.xcconfig; name = "Pods-WhatFilm.release.xcconfig"; path = "Pods/Target Support Files/Pods-WhatFilm/Pods-WhatFilm.release.xcconfig"; sourceTree = "<group>"; };
		804EDF323D502AD110111843 /* Pods_WhatFilm.framework */ = {isa = PBXFileReference; explicitFileType = wrapper.framework; includeInIndex = 0; path = Pods_WhatFilm.framework; sourceTree = BUILT_PRODUCTS_DIR; };
		CF617C246769580856BE0678 /* Pods-WhatFilm.debug.xcconfig */ = {isa = PBXFileReference; includeInIndex = 1; lastKnownFileType = text.xcconfig; name = "Pods-WhatFilm.debug.xcconfig"; path = "Pods/Target Support Files/Pods-WhatFilm/Pods-WhatFilm.debug.xcconfig"; sourceTree = "<group>"; };
		F91AC78E1D884B1000E99849 /* Result.swift */ = {isa = PBXFileReference; fileEncoding = 4; lastKnownFileType = sourcecode.swift; path = Result.swift; sourceTree = "<group>"; };
		F91AC7901D88506E00E99849 /* DateManager.swift */ = {isa = PBXFileReference; fileEncoding = 4; lastKnownFileType = sourcecode.swift; path = DateManager.swift; sourceTree = "<group>"; };
		F91AC7921D88585100E99849 /* HomeViewController.swift */ = {isa = PBXFileReference; fileEncoding = 4; lastKnownFileType = sourcecode.swift; path = HomeViewController.swift; sourceTree = "<group>"; };
		F91AC7991D88643800E99849 /* APIConfiguration.swift */ = {isa = PBXFileReference; fileEncoding = 4; lastKnownFileType = sourcecode.swift; path = APIConfiguration.swift; sourceTree = "<group>"; };
		F91AC79B1D8864FC00E99849 /* ImageManager.swift */ = {isa = PBXFileReference; fileEncoding = 4; lastKnownFileType = sourcecode.swift; path = ImageManager.swift; sourceTree = "<group>"; };
		F943188D1D84463D006B2D23 /* Router.swift */ = {isa = PBXFileReference; fileEncoding = 4; lastKnownFileType = sourcecode.swift; path = Router.swift; sourceTree = "<group>"; };
		F943188F1D85D6A4006B2D23 /* Tools.swift */ = {isa = PBXFileReference; fileEncoding = 4; lastKnownFileType = sourcecode.swift; path = Tools.swift; sourceTree = "<group>"; };
		F944190C1D8C0C2200804E7D /* KeyboardObserver.swift */ = {isa = PBXFileReference; fileEncoding = 4; lastKnownFileType = sourcecode.swift; path = KeyboardObserver.swift; sourceTree = "<group>"; };
		F944190E1D8C1F5700804E7D /* PaginatedList.swift */ = {isa = PBXFileReference; fileEncoding = 4; lastKnownFileType = sourcecode.swift; path = PaginatedList.swift; sourceTree = "<group>"; };
		F94E649B1D86F5FD000FF48E /* Film.swift */ = {isa = PBXFileReference; fileEncoding = 4; lastKnownFileType = sourcecode.swift; path = Film.swift; sourceTree = "<group>"; };
		F96C1AA21D91D88100564AA9 /* WhatFilmPad.playground */ = {isa = PBXFileReference; lastKnownFileType = file.playground; path = WhatFilmPad.playground; sourceTree = SOURCE_ROOT; };
		F992B4591D89F2570032C264 /* FilmTableViewCell.swift */ = {isa = PBXFileReference; fileEncoding = 4; lastKnownFileType = sourcecode.swift; path = FilmTableViewCell.swift; sourceTree = "<group>"; };
		F992B45A1D89F2570032C264 /* FilmTableViewCell.xib */ = {isa = PBXFileReference; fileEncoding = 4; lastKnownFileType = file.xib; path = FilmTableViewCell.xib; sourceTree = "<group>"; };
		F99D46CE1D888F550014A7AF /* HomeViewModel.swift */ = {isa = PBXFileReference; fileEncoding = 4; lastKnownFileType = sourcecode.swift; path = HomeViewModel.swift; sourceTree = "<group>"; };
		F99DD6A61D80BD4F00179C5A /* WhatFilm.app */ = {isa = PBXFileReference; explicitFileType = wrapper.application; includeInIndex = 0; path = WhatFilm.app; sourceTree = BUILT_PRODUCTS_DIR; };
		F99DD6A91D80BD4F00179C5A /* AppDelegate.swift */ = {isa = PBXFileReference; lastKnownFileType = sourcecode.swift; path = AppDelegate.swift; sourceTree = "<group>"; };
		F99DD6AE1D80BD4F00179C5A /* Base */ = {isa = PBXFileReference; lastKnownFileType = file.storyboard; name = Base; path = Base.lproj/Main.storyboard; sourceTree = "<group>"; };
		F99DD6B11D80BD4F00179C5A /* WhatFilm.xcdatamodel */ = {isa = PBXFileReference; lastKnownFileType = wrapper.xcdatamodel; path = WhatFilm.xcdatamodel; sourceTree = "<group>"; };
		F99DD6B31D80BD4F00179C5A /* Assets.xcassets */ = {isa = PBXFileReference; lastKnownFileType = folder.assetcatalog; path = Assets.xcassets; sourceTree = "<group>"; };
		F99DD6B61D80BD4F00179C5A /* Base */ = {isa = PBXFileReference; lastKnownFileType = file.storyboard; name = Base; path = Base.lproj/LaunchScreen.storyboard; sourceTree = "<group>"; };
		F99DD6B81D80BD4F00179C5A /* Info.plist */ = {isa = PBXFileReference; lastKnownFileType = text.plist.xml; path = Info.plist; sourceTree = "<group>"; };
		F9D6EBC31D92F367002970E3 /* FilmCollectionViewCell.swift */ = {isa = PBXFileReference; fileEncoding = 4; lastKnownFileType = sourcecode.swift; path = FilmCollectionViewCell.swift; sourceTree = "<group>"; };
		F9D6EBC41D92F367002970E3 /* FilmCollectionViewCell.xib */ = {isa = PBXFileReference; fileEncoding = 4; lastKnownFileType = file.xib; path = FilmCollectionViewCell.xib; sourceTree = "<group>"; };
		F9F0547C1D8AF2B10000E6AC /* TMDbAPI.swift */ = {isa = PBXFileReference; fileEncoding = 4; lastKnownFileType = sourcecode.swift; path = TMDbAPI.swift; sourceTree = "<group>"; };
/* End PBXFileReference section */

/* Begin PBXFrameworksBuildPhase section */
		F99DD6A31D80BD4F00179C5A /* Frameworks */ = {
			isa = PBXFrameworksBuildPhase;
			buildActionMask = 2147483647;
			files = (
				BE9FDABBA3FFE520B199735D /* Pods_WhatFilm.framework in Frameworks */,
			);
			runOnlyForDeploymentPostprocessing = 0;
		};
/* End PBXFrameworksBuildPhase section */

/* Begin PBXGroup section */
		1388D2BABED7FED08CC33844 /* Pods */ = {
			isa = PBXGroup;
			children = (
				CF617C246769580856BE0678 /* Pods-WhatFilm.debug.xcconfig */,
				4CDE941203556B9E1E9F6231 /* Pods-WhatFilm.release.xcconfig */,
			);
			name = Pods;
			sourceTree = "<group>";
		};
		EDAB0C203E5379FB8B119CDA /* Frameworks */ = {
			isa = PBXGroup;
			children = (
				804EDF323D502AD110111843 /* Pods_WhatFilm.framework */,
			);
			name = Frameworks;
			sourceTree = "<group>";
		};
		F91AC7941D885D0500E99849 /* Film Table Cell */ = {
			isa = PBXGroup;
			children = (
				F992B4591D89F2570032C264 /* FilmTableViewCell.swift */,
				F992B45A1D89F2570032C264 /* FilmTableViewCell.xib */,
			);
			name = "Film Table Cell";
			sourceTree = "<group>";
		};
		F943188C1D844628006B2D23 /* Network */ = {
			isa = PBXGroup;
			children = (
				F943188D1D84463D006B2D23 /* Router.swift */,
				F91AC79B1D8864FC00E99849 /* ImageManager.swift */,
				F9F0547C1D8AF2B10000E6AC /* TMDbAPI.swift */,
			);
			name = Network;
			sourceTree = "<group>";
		};
		F99DD69D1D80BD4F00179C5A = {
			isa = PBXGroup;
			children = (
				F99DD6A81D80BD4F00179C5A /* WhatFilm */,
				F99DD6A71D80BD4F00179C5A /* Products */,
				1388D2BABED7FED08CC33844 /* Pods */,
				EDAB0C203E5379FB8B119CDA /* Frameworks */,
			);
			sourceTree = "<group>";
		};
		F99DD6A71D80BD4F00179C5A /* Products */ = {
			isa = PBXGroup;
			children = (
				F99DD6A61D80BD4F00179C5A /* WhatFilm.app */,
			);
			name = Products;
			sourceTree = "<group>";
		};
		F99DD6A81D80BD4F00179C5A /* WhatFilm */ = {
			isa = PBXGroup;
			children = (
				F99DD6C41D80BEA800179C5A /* Controllers */,
				F99DD6C21D80BE7F00179C5A /* Journeys */,
				F99DD6C11D80BE7600179C5A /* Model */,
				F99DD6C01D80BE6400179C5A /* Ressources */,
				F99DD6BF1D80BE0B00179C5A /* AppDelegate */,
				F99DD6B51D80BD4F00179C5A /* LaunchScreen.storyboard */,
				F99DD6B01D80BD4F00179C5A /* WhatFilm.xcdatamodeld */,
				F943188F1D85D6A4006B2D23 /* Tools.swift */,
			);
			path = WhatFilm;
			sourceTree = "<group>";
		};
		F99DD6BF1D80BE0B00179C5A /* AppDelegate */ = {
			isa = PBXGroup;
			children = (
				F99DD6A91D80BD4F00179C5A /* AppDelegate.swift */,
			);
			name = AppDelegate;
			sourceTree = "<group>";
		};
		F99DD6C01D80BE6400179C5A /* Ressources */ = {
			isa = PBXGroup;
			children = (
				F96C1AA21D91D88100564AA9 /* WhatFilmPad.playground */,
				F99DD6B81D80BD4F00179C5A /* Info.plist */,
				F99DD6B31D80BD4F00179C5A /* Assets.xcassets */,
			);
			name = Ressources;
			sourceTree = "<group>";
		};
		F99DD6C11D80BE7600179C5A /* Model */ = {
			isa = PBXGroup;
			children = (
				F91AC7991D88643800E99849 /* APIConfiguration.swift */,
				F94E649B1D86F5FD000FF48E /* Film.swift */,
				F91AC78E1D884B1000E99849 /* Result.swift */,
				F944190E1D8C1F5700804E7D /* PaginatedList.swift */,
			);
			name = Model;
			sourceTree = "<group>";
		};
		F99DD6C21D80BE7F00179C5A /* Journeys */ = {
			isa = PBXGroup;
			children = (
				F9C58F6C1D93F14500B05181 /* Search */,
				F9D6EBC21D92F239002970E3 /* Film Collection Cell */,
				F91AC7941D885D0500E99849 /* Film Table Cell */,
				F99DD6AD1D80BD4F00179C5A /* Main.storyboard */,
				F99DD6C31D80BE8D00179C5A /* Home */,
			);
			name = Journeys;
			sourceTree = "<group>";
		};
		F99DD6C31D80BE8D00179C5A /* Home */ = {
			isa = PBXGroup;
			children = (
				F91AC7921D88585100E99849 /* HomeViewController.swift */,
				F99D46CE1D888F550014A7AF /* HomeViewModel.swift */,
			);
			name = Home;
			sourceTree = "<group>";
		};
		F99DD6C41D80BEA800179C5A /* Controllers */ = {
			isa = PBXGroup;
			children = (
				F943188C1D844628006B2D23 /* Network */,
				F91AC7901D88506E00E99849 /* DateManager.swift */,
				F944190C1D8C0C2200804E7D /* KeyboardObserver.swift */,
			);
			name = Controllers;
			sourceTree = "<group>";
		};
		F9C58F6C1D93F14500B05181 /* Search */ = {
			isa = PBXGroup;
			children = (
			);
			name = Search;
			sourceTree = "<group>";
		};
		F9D6EBC21D92F239002970E3 /* Film Collection Cell */ = {
			isa = PBXGroup;
			children = (
				F9D6EBC31D92F367002970E3 /* FilmCollectionViewCell.swift */,
				F9D6EBC41D92F367002970E3 /* FilmCollectionViewCell.xib */,
			);
			name = "Film Collection Cell";
			sourceTree = "<group>";
		};
/* End PBXGroup section */

/* Begin PBXNativeTarget section */
		F99DD6A51D80BD4F00179C5A /* WhatFilm */ = {
			isa = PBXNativeTarget;
			buildConfigurationList = F99DD6BB1D80BD4F00179C5A /* Build configuration list for PBXNativeTarget "WhatFilm" */;
			buildPhases = (
				FB448D84436D4AF729ED1C7B /* [CP] Check Pods Manifest.lock */,
				F99DD6A21D80BD4F00179C5A /* Sources */,
				F99DD6A31D80BD4F00179C5A /* Frameworks */,
				F99DD6A41D80BD4F00179C5A /* Resources */,
				ECA5812A8EB29A1A5A4B0D4F /* [CP] Embed Pods Frameworks */,
				C243F28365F158CF2EBC45AD /* [CP] Copy Pods Resources */,
			);
			buildRules = (
			);
			dependencies = (
			);
			name = WhatFilm;
			productName = WhatFilm;
			productReference = F99DD6A61D80BD4F00179C5A /* WhatFilm.app */;
			productType = "com.apple.product-type.application";
		};
/* End PBXNativeTarget section */

/* Begin PBXProject section */
		F99DD69E1D80BD4F00179C5A /* Project object */ = {
			isa = PBXProject;
			attributes = {
				LastSwiftUpdateCheck = 0730;
				LastUpgradeCheck = 0800;
				ORGANIZATIONNAME = "Julien Ducret";
				TargetAttributes = {
					F99DD6A51D80BD4F00179C5A = {
						CreatedOnToolsVersion = 7.3.1;
						DevelopmentTeam = 4YH4VY7J67;
						LastSwiftMigration = 0800;
					};
				};
			};
			buildConfigurationList = F99DD6A11D80BD4F00179C5A /* Build configuration list for PBXProject "WhatFilm" */;
			compatibilityVersion = "Xcode 3.2";
			developmentRegion = English;
			hasScannedForEncodings = 0;
			knownRegions = (
				en,
				Base,
			);
			mainGroup = F99DD69D1D80BD4F00179C5A;
			productRefGroup = F99DD6A71D80BD4F00179C5A /* Products */;
			projectDirPath = "";
			projectRoot = "";
			targets = (
				F99DD6A51D80BD4F00179C5A /* WhatFilm */,
			);
		};
/* End PBXProject section */

/* Begin PBXResourcesBuildPhase section */
		F99DD6A41D80BD4F00179C5A /* Resources */ = {
			isa = PBXResourcesBuildPhase;
			buildActionMask = 2147483647;
			files = (
				F99DD6B71D80BD4F00179C5A /* LaunchScreen.storyboard in Resources */,
				F9D6EBC61D92F367002970E3 /* FilmCollectionViewCell.xib in Resources */,
				F992B45C1D89F2570032C264 /* FilmTableViewCell.xib in Resources */,
				F99DD6B41D80BD4F00179C5A /* Assets.xcassets in Resources */,
				F99DD6AF1D80BD4F00179C5A /* Main.storyboard in Resources */,
			);
			runOnlyForDeploymentPostprocessing = 0;
		};
/* End PBXResourcesBuildPhase section */

/* Begin PBXShellScriptBuildPhase section */
		C243F28365F158CF2EBC45AD /* [CP] Copy Pods Resources */ = {
			isa = PBXShellScriptBuildPhase;
			buildActionMask = 2147483647;
			files = (
			);
			inputPaths = (
			);
			name = "[CP] Copy Pods Resources";
			outputPaths = (
			);
			runOnlyForDeploymentPostprocessing = 0;
			shellPath = /bin/sh;
			shellScript = "\"${SRCROOT}/Pods/Target Support Files/Pods-WhatFilm/Pods-WhatFilm-resources.sh\"\n";
			showEnvVarsInLog = 0;
		};
		ECA5812A8EB29A1A5A4B0D4F /* [CP] Embed Pods Frameworks */ = {
			isa = PBXShellScriptBuildPhase;
			buildActionMask = 2147483647;
			files = (
			);
			inputPaths = (
			);
			name = "[CP] Embed Pods Frameworks";
			outputPaths = (
			);
			runOnlyForDeploymentPostprocessing = 0;
			shellPath = /bin/sh;
			shellScript = "\"${SRCROOT}/Pods/Target Support Files/Pods-WhatFilm/Pods-WhatFilm-frameworks.sh\"\n";
			showEnvVarsInLog = 0;
		};
		FB448D84436D4AF729ED1C7B /* [CP] Check Pods Manifest.lock */ = {
			isa = PBXShellScriptBuildPhase;
			buildActionMask = 2147483647;
			files = (
			);
			inputPaths = (
			);
			name = "[CP] Check Pods Manifest.lock";
			outputPaths = (
			);
			runOnlyForDeploymentPostprocessing = 0;
			shellPath = /bin/sh;
			shellScript = "diff \"${PODS_ROOT}/../Podfile.lock\" \"${PODS_ROOT}/Manifest.lock\" > /dev/null\nif [ $? != 0 ] ; then\n    # print error to STDERR\n    echo \"error: The sandbox is not in sync with the Podfile.lock. Run 'pod install' or update your CocoaPods installation.\" >&2\n    exit 1\nfi\n";
			showEnvVarsInLog = 0;
		};
/* End PBXShellScriptBuildPhase section */

/* Begin PBXSourcesBuildPhase section */
		F99DD6A21D80BD4F00179C5A /* Sources */ = {
			isa = PBXSourcesBuildPhase;
			buildActionMask = 2147483647;
			files = (
				F943188E1D84463D006B2D23 /* Router.swift in Sources */,
				F94318901D85D6A4006B2D23 /* Tools.swift in Sources */,
				F944190D1D8C0C2200804E7D /* KeyboardObserver.swift in Sources */,
				F99DD6AA1D80BD4F00179C5A /* AppDelegate.swift in Sources */,
				F91AC7931D88585100E99849 /* HomeViewController.swift in Sources */,
				F99D46CF1D888F550014A7AF /* HomeViewModel.swift in Sources */,
				F9D6EBC51D92F367002970E3 /* FilmCollectionViewCell.swift in Sources */,
				F944190F1D8C1F5700804E7D /* PaginatedList.swift in Sources */,
				F992B45B1D89F2570032C264 /* FilmTableViewCell.swift in Sources */,
				F99DD6B21D80BD4F00179C5A /* WhatFilm.xcdatamodeld in Sources */,
				F91AC79A1D88643800E99849 /* APIConfiguration.swift in Sources */,
				F91AC78F1D884B1000E99849 /* Result.swift in Sources */,
				F91AC7911D88506E00E99849 /* DateManager.swift in Sources */,
				F94E649C1D86F5FD000FF48E /* Film.swift in Sources */,
				F91AC79C1D8864FC00E99849 /* ImageManager.swift in Sources */,
				F9F0547D1D8AF2B10000E6AC /* TMDbAPI.swift in Sources */,
			);
			runOnlyForDeploymentPostprocessing = 0;
		};
/* End PBXSourcesBuildPhase section */

/* Begin PBXVariantGroup section */
		F99DD6AD1D80BD4F00179C5A /* Main.storyboard */ = {
			isa = PBXVariantGroup;
			children = (
				F99DD6AE1D80BD4F00179C5A /* Base */,
			);
			name = Main.storyboard;
			sourceTree = "<group>";
		};
		F99DD6B51D80BD4F00179C5A /* LaunchScreen.storyboard */ = {
			isa = PBXVariantGroup;
			children = (
				F99DD6B61D80BD4F00179C5A /* Base */,
			);
			name = LaunchScreen.storyboard;
			sourceTree = "<group>";
		};
/* End PBXVariantGroup section */

/* Begin XCBuildConfiguration section */
		F99DD6B91D80BD4F00179C5A /* Debug */ = {
			isa = XCBuildConfiguration;
			buildSettings = {
				ALWAYS_SEARCH_USER_PATHS = NO;
				CLANG_ANALYZER_NONNULL = YES;
				CLANG_CXX_LANGUAGE_STANDARD = "gnu++0x";
				CLANG_CXX_LIBRARY = "libc++";
				CLANG_ENABLE_MODULES = YES;
				CLANG_ENABLE_OBJC_ARC = YES;
				CLANG_WARN_BOOL_CONVERSION = YES;
				CLANG_WARN_CONSTANT_CONVERSION = YES;
				CLANG_WARN_DIRECT_OBJC_ISA_USAGE = YES_ERROR;
				CLANG_WARN_EMPTY_BODY = YES;
				CLANG_WARN_ENUM_CONVERSION = YES;
				CLANG_WARN_INFINITE_RECURSION = YES;
				CLANG_WARN_INT_CONVERSION = YES;
				CLANG_WARN_OBJC_ROOT_CLASS = YES_ERROR;
				CLANG_WARN_SUSPICIOUS_MOVE = YES;
				CLANG_WARN_UNREACHABLE_CODE = YES;
				CLANG_WARN__DUPLICATE_METHOD_MATCH = YES;
				"CODE_SIGN_IDENTITY[sdk=iphoneos*]" = "iPhone Developer";
				COPY_PHASE_STRIP = NO;
				DEBUG_INFORMATION_FORMAT = dwarf;
				ENABLE_STRICT_OBJC_MSGSEND = YES;
				ENABLE_TESTABILITY = YES;
				GCC_C_LANGUAGE_STANDARD = gnu99;
				GCC_DYNAMIC_NO_PIC = NO;
				GCC_NO_COMMON_BLOCKS = YES;
				GCC_OPTIMIZATION_LEVEL = 0;
				GCC_PREPROCESSOR_DEFINITIONS = (
					"DEBUG=1",
					"$(inherited)",
				);
				GCC_WARN_64_TO_32_BIT_CONVERSION = YES;
				GCC_WARN_ABOUT_RETURN_TYPE = YES_ERROR;
				GCC_WARN_UNDECLARED_SELECTOR = YES;
				GCC_WARN_UNINITIALIZED_AUTOS = YES_AGGRESSIVE;
				GCC_WARN_UNUSED_FUNCTION = YES;
				GCC_WARN_UNUSED_VARIABLE = YES;
				IPHONEOS_DEPLOYMENT_TARGET = 9.3;
				MTL_ENABLE_DEBUG_INFO = YES;
				ONLY_ACTIVE_ARCH = YES;
				SDKROOT = iphoneos;
				SWIFT_OPTIMIZATION_LEVEL = "-Onone";
				TARGETED_DEVICE_FAMILY = "1,2";
			};
			name = Debug;
		};
		F99DD6BA1D80BD4F00179C5A /* Release */ = {
			isa = XCBuildConfiguration;
			buildSettings = {
				ALWAYS_SEARCH_USER_PATHS = NO;
				CLANG_ANALYZER_NONNULL = YES;
				CLANG_CXX_LANGUAGE_STANDARD = "gnu++0x";
				CLANG_CXX_LIBRARY = "libc++";
				CLANG_ENABLE_MODULES = YES;
				CLANG_ENABLE_OBJC_ARC = YES;
				CLANG_WARN_BOOL_CONVERSION = YES;
				CLANG_WARN_CONSTANT_CONVERSION = YES;
				CLANG_WARN_DIRECT_OBJC_ISA_USAGE = YES_ERROR;
				CLANG_WARN_EMPTY_BODY = YES;
				CLANG_WARN_ENUM_CONVERSION = YES;
				CLANG_WARN_INFINITE_RECURSION = YES;
				CLANG_WARN_INT_CONVERSION = YES;
				CLANG_WARN_OBJC_ROOT_CLASS = YES_ERROR;
				CLANG_WARN_SUSPICIOUS_MOVE = YES;
				CLANG_WARN_UNREACHABLE_CODE = YES;
				CLANG_WARN__DUPLICATE_METHOD_MATCH = YES;
				"CODE_SIGN_IDENTITY[sdk=iphoneos*]" = "iPhone Developer";
				COPY_PHASE_STRIP = NO;
				DEBUG_INFORMATION_FORMAT = "dwarf-with-dsym";
				ENABLE_NS_ASSERTIONS = NO;
				ENABLE_STRICT_OBJC_MSGSEND = YES;
				GCC_C_LANGUAGE_STANDARD = gnu99;
				GCC_NO_COMMON_BLOCKS = YES;
				GCC_WARN_64_TO_32_BIT_CONVERSION = YES;
				GCC_WARN_ABOUT_RETURN_TYPE = YES_ERROR;
				GCC_WARN_UNDECLARED_SELECTOR = YES;
				GCC_WARN_UNINITIALIZED_AUTOS = YES_AGGRESSIVE;
				GCC_WARN_UNUSED_FUNCTION = YES;
				GCC_WARN_UNUSED_VARIABLE = YES;
				IPHONEOS_DEPLOYMENT_TARGET = 9.3;
				MTL_ENABLE_DEBUG_INFO = NO;
				SDKROOT = iphoneos;
				SWIFT_OPTIMIZATION_LEVEL = "-Owholemodule";
				TARGETED_DEVICE_FAMILY = "1,2";
				VALIDATE_PRODUCT = YES;
			};
			name = Release;
		};
		F99DD6BC1D80BD4F00179C5A /* Debug */ = {
			isa = XCBuildConfiguration;
			baseConfigurationReference = CF617C246769580856BE0678 /* Pods-WhatFilm.debug.xcconfig */;
			buildSettings = {
				ALWAYS_EMBED_SWIFT_STANDARD_LIBRARIES = "$(inherited)";
				ASSETCATALOG_COMPILER_APPICON_NAME = AppIcon;
				DEVELOPMENT_TEAM = 4YH4VY7J67;
				INFOPLIST_FILE = WhatFilm/Info.plist;
				LD_RUNPATH_SEARCH_PATHS = "$(inherited) @executable_path/Frameworks";
				PRODUCT_BUNDLE_IDENTIFIER = com.brocoo.WhatFilm;
				PRODUCT_NAME = "$(TARGET_NAME)";
				SWIFT_VERSION = 3.0;
			};
			name = Debug;
		};
		F99DD6BD1D80BD4F00179C5A /* Release */ = {
			isa = XCBuildConfiguration;
			baseConfigurationReference = 4CDE941203556B9E1E9F6231 /* Pods-WhatFilm.release.xcconfig */;
			buildSettings = {
				ALWAYS_EMBED_SWIFT_STANDARD_LIBRARIES = "$(inherited)";
				ASSETCATALOG_COMPILER_APPICON_NAME = AppIcon;
				DEVELOPMENT_TEAM = 4YH4VY7J67;
				INFOPLIST_FILE = WhatFilm/Info.plist;
				LD_RUNPATH_SEARCH_PATHS = "$(inherited) @executable_path/Frameworks";
				PRODUCT_BUNDLE_IDENTIFIER = com.brocoo.WhatFilm;
				PRODUCT_NAME = "$(TARGET_NAME)";
				SWIFT_VERSION = 3.0;
			};
			name = Release;
		};
/* End XCBuildConfiguration section */

/* Begin XCConfigurationList section */
		F99DD6A11D80BD4F00179C5A /* Build configuration list for PBXProject "WhatFilm" */ = {
			isa = XCConfigurationList;
			buildConfigurations = (
				F99DD6B91D80BD4F00179C5A /* Debug */,
				F99DD6BA1D80BD4F00179C5A /* Release */,
			);
			defaultConfigurationIsVisible = 0;
			defaultConfigurationName = Release;
		};
		F99DD6BB1D80BD4F00179C5A /* Build configuration list for PBXNativeTarget "WhatFilm" */ = {
			isa = XCConfigurationList;
			buildConfigurations = (
				F99DD6BC1D80BD4F00179C5A /* Debug */,
				F99DD6BD1D80BD4F00179C5A /* Release */,
			);
			defaultConfigurationIsVisible = 0;
			defaultConfigurationName = Release;
		};
/* End XCConfigurationList section */

/* Begin XCVersionGroup section */
		F99DD6B01D80BD4F00179C5A /* WhatFilm.xcdatamodeld */ = {
			isa = XCVersionGroup;
			children = (
				F99DD6B11D80BD4F00179C5A /* WhatFilm.xcdatamodel */,
			);
			currentVersion = F99DD6B11D80BD4F00179C5A /* WhatFilm.xcdatamodel */;
			path = WhatFilm.xcdatamodeld;
			sourceTree = "<group>";
			versionGroupType = wrapper.xcdatamodel;
		};
/* End XCVersionGroup section */
	};
	rootObject = F99DD69E1D80BD4F00179C5A /* Project object */;
}
